
Microsoft Visual Studio Solution File, Format Version 12.00
# Visual Studio Version 17
VisualStudioVersion = 17.8.34322.80
MinimumVisualStudioVersion = 10.0.40219.1
Project("{9A19103F-16F7-4668-BE54-9A1E7A4F7556}") = "WinFormsApp1", "WinFormsApp1\WinFormsApp1.csproj", "{A1B08ABE-D15F-4199-BC0E-733096D01B7C}"
EndProject
Project("{2150E333-8FDC-42A3-9474-1A3956D46DE8}") = "Solution Items", "Solution Items", "{A71F1A53-E122-4A9F-940D-BEB8CB93E1A5}"
	ProjectSection(SolutionItems) = preProject
		.editorconfig = .editorconfig
	EndProjectSection
EndProject
Global
	GlobalSection(SolutionConfigurationPlatforms) = preSolution
		Debug|Any CPU = Debug|Any CPU
		Release|Any CPU = Release|Any CPU
	EndGlobalSection
	GlobalSection(ProjectConfigurationPlatforms) = postSolution
		{A1B08ABE-D15F-4199-BC0E-733096D01B7C}.Debug|Any CPU.ActiveCfg = Debug|Any CPU
		{A1B08ABE-D15F-4199-BC0E-733096D01B7C}.Debug|Any CPU.Build.0 = Debug|Any CPU
		{A1B08ABE-D15F-4199-BC0E-733096D01B7C}.Release|Any CPU.ActiveCfg = Release|Any CPU
		{A1B08ABE-D15F-4199-BC0E-733096D01B7C}.Release|Any CPU.Build.0 = Release|Any CPU
	EndGlobalSection
	GlobalSection(SolutionProperties) = preSolution
		HideSolutionNode = FALSE
	EndGlobalSection
	GlobalSection(ExtensibilityGlobals) = postSolution
		SolutionGuid = {21BF62E6-346C-4453-B272-F0582A3DB951}
	EndGlobalSection
EndGlobal
